
Microsoft Visual Studio Solution File, Format Version 12.00
# Visual Studio 15
VisualStudioVersion = 15.0.27428.2037
MinimumVisualStudioVersion = 10.0.40219.1
Project("{FAE04EC0-301F-11D3-BF4B-00C04F79EFBC}") = "AudMvc5", "AudMvc5\AudMvc5.csproj", "{015B1B91-AD03-4800-B104-6363E8A628D4}"
EndProject
Global
	GlobalSection(SolutionConfigurationPlatforms) = preSolution
		Debug|Any CPU = Debug|Any CPU
		Release|Any CPU = Release|Any CPU
	EndGlobalSection
	GlobalSection(ProjectConfigurationPlatforms) = postSolution
		{015B1B91-AD03-4800-B104-6363E8A628D4}.Debug|Any CPU.ActiveCfg = Debug|Any CPU
		{015B1B91-AD03-4800-B104-6363E8A628D4}.Debug|Any CPU.Build.0 = Debug|Any CPU
		{015B1B91-AD03-4800-B104-6363E8A628D4}.Release|Any CPU.ActiveCfg = Release|Any CPU
		{015B1B91-AD03-4800-B104-6363E8A628D4}.Release|Any CPU.Build.0 = Release|Any CPU
	EndGlobalSection
	GlobalSection(SolutionProperties) = preSolution
		HideSolutionNode = FALSE
	EndGlobalSection
	GlobalSection(ExtensibilityGlobals) = postSolution
		SolutionGuid = {3F007587-9CC4-406F-9F22-EF3B8E03498D}
	EndGlobalSection
EndGlobal
